
Microsoft Visual Studio Solution File, Format Version 12.00
# Visual Studio 14
VisualStudioVersion = 14.0.23107.0
MinimumVisualStudioVersion = 10.0.40219.1
Project("{FAE04EC0-301F-11D3-BF4B-00C04F79EFBC}") = "sauemk.service", "sauemk\sauemk.service.csproj", "{05CD778B-544C-4DF2-B4B5-427A839EC334}"
EndProject
Project("{FAE04EC0-301F-11D3-BF4B-00C04F79EFBC}") = "sauemk.web", "emk.web\sauemk.web.csproj", "{55D1104E-DFA3-46FC-806E-467C4751D1E4}"
EndProject
Global
	GlobalSection(SolutionConfigurationPlatforms) = preSolution
		Debug|Any CPU = Debug|Any CPU
		Release|Any CPU = Release|Any CPU
	EndGlobalSection
	GlobalSection(ProjectConfigurationPlatforms) = postSolution
		{05CD778B-544C-4DF2-B4B5-427A839EC334}.Debug|Any CPU.ActiveCfg = Debug|Any CPU
		{05CD778B-544C-4DF2-B4B5-427A839EC334}.Debug|Any CPU.Build.0 = Debug|Any CPU
		{05CD778B-544C-4DF2-B4B5-427A839EC334}.Release|Any CPU.ActiveCfg = Release|Any CPU
		{05CD778B-544C-4DF2-B4B5-427A839EC334}.Release|Any CPU.Build.0 = Release|Any CPU
		{55D1104E-DFA3-46FC-806E-467C4751D1E4}.Debug|Any CPU.ActiveCfg = Debug|Any CPU
		{55D1104E-DFA3-46FC-806E-467C4751D1E4}.Debug|Any CPU.Build.0 = Debug|Any CPU
		{55D1104E-DFA3-46FC-806E-467C4751D1E4}.Release|Any CPU.ActiveCfg = Release|Any CPU
		{55D1104E-DFA3-46FC-806E-467C4751D1E4}.Release|Any CPU.Build.0 = Release|Any CPU
	EndGlobalSection
	GlobalSection(SolutionProperties) = preSolution
		HideSolutionNode = FALSE
	EndGlobalSection
EndGlobal
